// !$*UTF8*$!
{
	archiveVersion = 1;
	classes = {
	};
	objectVersion = 46;
	objects = {

/* Begin PBXBuildFile section */
		CDCE31D51989D15A00648B99 /* Foundation.framework in Frameworks */ = {isa = PBXBuildFile; fileRef = CDCE31D41989D15A00648B99 /* Foundation.framework */; };
		CDCE31D71989D15A00648B99 /* CoreGraphics.framework in Frameworks */ = {isa = PBXBuildFile; fileRef = CDCE31D61989D15A00648B99 /* CoreGraphics.framework */; };
		CDCE31D91989D15A00648B99 /* UIKit.framework in Frameworks */ = {isa = PBXBuildFile; fileRef = CDCE31D81989D15A00648B99 /* UIKit.framework */; };
		CDCE31DF1989D15A00648B99 /* InfoPlist.strings in Resources */ = {isa = PBXBuildFile; fileRef = CDCE31DD1989D15A00648B99 /* InfoPlist.strings */; };
		CDCE31E11989D15A00648B99 /* main.m in Sources */ = {isa = PBXBuildFile; fileRef = CDCE31E01989D15A00648B99 /* main.m */; };
		CDCE31E51989D15A00648B99 /* AppDelegate.m in Sources */ = {isa = PBXBuildFile; fileRef = CDCE31E41989D15A00648B99 /* AppDelegate.m */; };
		CDCE31E81989D15A00648B99 /* Main.storyboard in Resources */ = {isa = PBXBuildFile; fileRef = CDCE31E61989D15A00648B99 /* Main.storyboard */; };
		CDCE31EB1989D15A00648B99 /* ViewController.m in Sources */ = {isa = PBXBuildFile; fileRef = CDCE31EA1989D15A00648B99 /* ViewController.m */; };
		CDCE31ED1989D15A00648B99 /* Images.xcassets in Resources */ = {isa = PBXBuildFile; fileRef = CDCE31EC1989D15A00648B99 /* Images.xcassets */; };
		CDCE31F41989D15A00648B99 /* XCTest.framework in Frameworks */ = {isa = PBXBuildFile; fileRef = CDCE31F31989D15A00648B99 /* XCTest.framework */; };
		CDCE31F51989D15A00648B99 /* Foundation.framework in Frameworks */ = {isa = PBXBuildFile; fileRef = CDCE31D41989D15A00648B99 /* Foundation.framework */; };
		CDCE31F61989D15A00648B99 /* UIKit.framework in Frameworks */ = {isa = PBXBuildFile; fileRef = CDCE31D81989D15A00648B99 /* UIKit.framework */; };
		CDCE31FE1989D15A00648B99 /* InfoPlist.strings in Resources */ = {isa = PBXBuildFile; fileRef = CDCE31FC1989D15A00648B99 /* InfoPlist.strings */; };
		CDCE32001989D15A00648B99 /* saveSqliteDemoTests.m in Sources */ = {isa = PBXBuildFile; fileRef = CDCE31FF1989D15A00648B99 /* saveSqliteDemoTests.m */; };
		CDCE320A1989D34B00648B99 /* libsqlite3.dylib in Frameworks */ = {isa = PBXBuildFile; fileRef = CDCE32091989D34B00648B99 /* libsqlite3.dylib */; };
		CDCE320C1989F74600648B99 /* MessageUI.framework in Frameworks */ = {isa = PBXBuildFile; fileRef = CDCE320B1989F74600648B99 /* MessageUI.framework */; };
/* End PBXBuildFile section */

/* Begin PBXContainerItemProxy section */
		CDCE31F71989D15A00648B99 /* PBXContainerItemProxy */ = {
			isa = PBXContainerItemProxy;
			containerPortal = CDCE31C91989D15A00648B99 /* Project object */;
			proxyType = 1;
			remoteGlobalIDString = CDCE31D01989D15A00648B99;
			remoteInfo = saveSqliteDemo;
		};
/* End PBXContainerItemProxy section */

/* Begin PBXFileReference section */
		CDCE31D11989D15A00648B99 /* saveSqliteDemo.app */ = {isa = PBXFileReference; explicitFileType = wrapper.application; includeInIndex = 0; path = saveSqliteDemo.app; sourceTree = BUILT_PRODUCTS_DIR; };
		CDCE31D41989D15A00648B99 /* Foundation.framework */ = {isa = PBXFileReference; lastKnownFileType = wrapper.framework; name = Foundation.framework; path = System/Library/Frameworks/Foundation.framework; sourceTree = SDKROOT; };
		CDCE31D61989D15A00648B99 /* CoreGraphics.framework */ = {isa = PBXFileReference; lastKnownFileType = wrapper.framework; name = CoreGraphics.framework; path = System/Library/Frameworks/CoreGraphics.framework; sourceTree = SDKROOT; };
		CDCE31D81989D15A00648B99 /* UIKit.framework */ = {isa = PBXFileReference; lastKnownFileType = wrapper.framework; name = UIKit.framework; path = System/Library/Frameworks/UIKit.framework; sourceTree = SDKROOT; };
		CDCE31DC1989D15A00648B99 /* saveSqliteDemo-Info.plist */ = {isa = PBXFileReference; lastKnownFileType = text.plist.xml; path = "saveSqliteDemo-Info.plist"; sourceTree = "<group>"; };
		CDCE31DE1989D15A00648B99 /* en */ = {isa = PBXFileReference; lastKnownFileType = text.plist.strings; name = en; path = en.lproj/InfoPlist.strings; sourceTree = "<group>"; };
		CDCE31E01989D15A00648B99 /* main.m */ = {isa = PBXFileReference; lastKnownFileType = sourcecode.c.objc; path = main.m; sourceTree = "<group>"; };
		CDCE31E21989D15A00648B99 /* saveSqliteDemo-Prefix.pch */ = {isa = PBXFileReference; lastKnownFileType = sourcecode.c.h; path = "saveSqliteDemo-Prefix.pch"; sourceTree = "<group>"; };
		CDCE31E31989D15A00648B99 /* AppDelegate.h */ = {isa = PBXFileReference; lastKnownFileType = sourcecode.c.h; path = AppDelegate.h; sourceTree = "<group>"; };
		CDCE31E41989D15A00648B99 /* AppDelegate.m */ = {isa = PBXFileReference; lastKnownFileType = sourcecode.c.objc; path = AppDelegate.m; sourceTree = "<group>"; };
		CDCE31E71989D15A00648B99 /* Base */ = {isa = PBXFileReference; lastKnownFileType = file.storyboard; name = Base; path = Base.lproj/Main.storyboard; sourceTree = "<group>"; };
		CDCE31E91989D15A00648B99 /* ViewController.h */ = {isa = PBXFileReference; lastKnownFileType = sourcecode.c.h; path = ViewController.h; sourceTree = "<group>"; };
		CDCE31EA1989D15A00648B99 /* ViewController.m */ = {isa = PBXFileReference; lastKnownFileType = sourcecode.c.objc; path = ViewController.m; sourceTree = "<group>"; };
		CDCE31EC1989D15A00648B99 /* Images.xcassets */ = {isa = PBXFileReference; lastKnownFileType = folder.assetcatalog; path = Images.xcassets; sourceTree = "<group>"; };
		CDCE31F21989D15A00648B99 /* saveSqliteDemoTests.xctest */ = {isa = PBXFileReference; explicitFileType = wrapper.cfbundle; includeInIndex = 0; path = saveSqliteDemoTests.xctest; sourceTree = BUILT_PRODUCTS_DIR; };
		CDCE31F31989D15A00648B99 /* XCTest.framework */ = {isa = PBXFileReference; lastKnownFileType = wrapper.framework; name = XCTest.framework; path = Library/Frameworks/XCTest.framework; sourceTree = DEVELOPER_DIR; };
		CDCE31FB1989D15A00648B99 /* saveSqliteDemoTests-Info.plist */ = {isa = PBXFileReference; lastKnownFileType = text.plist.xml; path = "saveSqliteDemoTests-Info.plist"; sourceTree = "<group>"; };
		CDCE31FD1989D15A00648B99 /* en */ = {isa = PBXFileReference; lastKnownFileType = text.plist.strings; name = en; path = en.lproj/InfoPlist.strings; sourceTree = "<group>"; };
		CDCE31FF1989D15A00648B99 /* saveSqliteDemoTests.m */ = {isa = PBXFileReference; lastKnownFileType = sourcecode.c.objc; path = saveSqliteDemoTests.m; sourceTree = "<group>"; };
		CDCE32091989D34B00648B99 /* libsqlite3.dylib */ = {isa = PBXFileReference; lastKnownFileType = "compiled.mach-o.dylib"; name = libsqlite3.dylib; path = usr/lib/libsqlite3.dylib; sourceTree = SDKROOT; };
		CDCE320B1989F74600648B99 /* MessageUI.framework */ = {isa = PBXFileReference; lastKnownFileType = wrapper.framework; name = MessageUI.framework; path = System/Library/Frameworks/MessageUI.framework; sourceTree = SDKROOT; };
/* End PBXFileReference section */

/* Begin PBXFrameworksBuildPhase section */
		CDCE31CE1989D15A00648B99 /* Frameworks */ = {
			isa = PBXFrameworksBuildPhase;
			buildActionMask = 2147483647;
			files = (
				CDCE320C1989F74600648B99 /* MessageUI.framework in Frameworks */,
				CDCE320A1989D34B00648B99 /* libsqlite3.dylib in Frameworks */,
				CDCE31D71989D15A00648B99 /* CoreGraphics.framework in Frameworks */,
				CDCE31D91989D15A00648B99 /* UIKit.framework in Frameworks */,
				CDCE31D51989D15A00648B99 /* Foundation.framework in Frameworks */,
			);
			runOnlyForDeploymentPostprocessing = 0;
		};
		CDCE31EF1989D15A00648B99 /* Frameworks */ = {
			isa = PBXFrameworksBuildPhase;
			buildActionMask = 2147483647;
			files = (
				CDCE31F41989D15A00648B99 /* XCTest.framework in Frameworks */,
				CDCE31F61989D15A00648B99 /* UIKit.framework in Frameworks */,
				CDCE31F51989D15A00648B99 /* Foundation.framework in Frameworks */,
			);
			runOnlyForDeploymentPostprocessing = 0;
		};
/* End PBXFrameworksBuildPhase section */

/* Begin PBXGroup section */
		CDCE31C81989D15A00648B99 = {
			isa = PBXGroup;
			children = (
				CDCE31DA1989D15A00648B99 /* saveSqliteDemo */,
				CDCE31F91989D15A00648B99 /* saveSqliteDemoTests */,
				CDCE31D31989D15A00648B99 /* Frameworks */,
				CDCE31D21989D15A00648B99 /* Products */,
			);
			sourceTree = "<group>";
		};
		CDCE31D21989D15A00648B99 /* Products */ = {
			isa = PBXGroup;
			children = (
				CDCE31D11989D15A00648B99 /* saveSqliteDemo.app */,
				CDCE31F21989D15A00648B99 /* saveSqliteDemoTests.xctest */,
			);
			name = Products;
			sourceTree = "<group>";
		};
		CDCE31D31989D15A00648B99 /* Frameworks */ = {
			isa = PBXGroup;
			children = (
				CDCE320B1989F74600648B99 /* MessageUI.framework */,
				CDCE32091989D34B00648B99 /* libsqlite3.dylib */,
				CDCE31D41989D15A00648B99 /* Foundation.framework */,
				CDCE31D61989D15A00648B99 /* CoreGraphics.framework */,
				CDCE31D81989D15A00648B99 /* UIKit.framework */,
				CDCE31F31989D15A00648B99 /* XCTest.framework */,
			);
			name = Frameworks;
			sourceTree = "<group>";
		};
		CDCE31DA1989D15A00648B99 /* saveSqliteDemo */ = {
			isa = PBXGroup;
			children = (
				CDCE31E31989D15A00648B99 /* AppDelegate.h */,
				CDCE31E41989D15A00648B99 /* AppDelegate.m */,
				CDCE31E61989D15A00648B99 /* Main.storyboard */,
				CDCE31E91989D15A00648B99 /* ViewController.h */,
				CDCE31EA1989D15A00648B99 /* ViewController.m */,
				CDCE31EC1989D15A00648B99 /* Images.xcassets */,
				CDCE31DB1989D15A00648B99 /* Supporting Files */,
			);
			path = saveSqliteDemo;
			sourceTree = "<group>";
		};
		CDCE31DB1989D15A00648B99 /* Supporting Files */ = {
			isa = PBXGroup;
			children = (
				CDCE31DC1989D15A00648B99 /* saveSqliteDemo-Info.plist */,
				CDCE31DD1989D15A00648B99 /* InfoPlist.strings */,
				CDCE31E01989D15A00648B99 /* main.m */,
				CDCE31E21989D15A00648B99 /* saveSqliteDemo-Prefix.pch */,
			);
			name = "Supporting Files";
			sourceTree = "<group>";
		};
		CDCE31F91989D15A00648B99 /* saveSqliteDemoTests */ = {
			isa = PBXGroup;
			children = (
				CDCE31FF1989D15A00648B99 /* saveSqliteDemoTests.m */,
				CDCE31FA1989D15A00648B99 /* Supporting Files */,
			);
			path = saveSqliteDemoTests;
			sourceTree = "<group>";
		};
		CDCE31FA1989D15A00648B99 /* Supporting Files */ = {
			isa = PBXGroup;
			children = (
				CDCE31FB1989D15A00648B99 /* saveSqliteDemoTests-Info.plist */,
				CDCE31FC1989D15A00648B99 /* InfoPlist.strings */,
			);
			name = "Supporting Files";
			sourceTree = "<group>";
		};
/* End PBXGroup section */

/* Begin PBXNativeTarget section */
		CDCE31D01989D15A00648B99 /* saveSqliteDemo */ = {
			isa = PBXNativeTarget;
			buildConfigurationList = CDCE32031989D15A00648B99 /* Build configuration list for PBXNativeTarget "saveSqliteDemo" */;
			buildPhases = (
				CDCE31CD1989D15A00648B99 /* Sources */,
				CDCE31CE1989D15A00648B99 /* Frameworks */,
				CDCE31CF1989D15A00648B99 /* Resources */,
			);
			buildRules = (
			);
			dependencies = (
			);
			name = saveSqliteDemo;
			productName = saveSqliteDemo;
			productReference = CDCE31D11989D15A00648B99 /* saveSqliteDemo.app */;
			productType = "com.apple.product-type.application";
		};
		CDCE31F11989D15A00648B99 /* saveSqliteDemoTests */ = {
			isa = PBXNativeTarget;
			buildConfigurationList = CDCE32061989D15A00648B99 /* Build configuration list for PBXNativeTarget "saveSqliteDemoTests" */;
			buildPhases = (
				CDCE31EE1989D15A00648B99 /* Sources */,
				CDCE31EF1989D15A00648B99 /* Frameworks */,
				CDCE31F01989D15A00648B99 /* Resources */,
			);
			buildRules = (
			);
			dependencies = (
				CDCE31F81989D15A00648B99 /* PBXTargetDependency */,
			);
			name = saveSqliteDemoTests;
			productName = saveSqliteDemoTests;
			productReference = CDCE31F21989D15A00648B99 /* saveSqliteDemoTests.xctest */;
			productType = "com.apple.product-type.bundle.unit-test";
		};
/* End PBXNativeTarget section */

/* Begin PBXProject section */
		CDCE31C91989D15A00648B99 /* Project object */ = {
			isa = PBXProject;
			attributes = {
				LastUpgradeCheck = 0510;
				ORGANIZATIONNAME = hanlong;
				TargetAttributes = {
					CDCE31F11989D15A00648B99 = {
						TestTargetID = CDCE31D01989D15A00648B99;
					};
				};
			};
			buildConfigurationList = CDCE31CC1989D15A00648B99 /* Build configuration list for PBXProject "saveSqliteDemo" */;
			compatibilityVersion = "Xcode 3.2";
			developmentRegion = English;
			hasScannedForEncodings = 0;
			knownRegions = (
				en,
				Base,
			);
			mainGroup = CDCE31C81989D15A00648B99;
			productRefGroup = CDCE31D21989D15A00648B99 /* Products */;
			projectDirPath = "";
			projectRoot = "";
			targets = (
				CDCE31D01989D15A00648B99 /* saveSqliteDemo */,
				CDCE31F11989D15A00648B99 /* saveSqliteDemoTests */,
			);
		};
/* End PBXProject section */

/* Begin PBXResourcesBuildPhase section */
		CDCE31CF1989D15A00648B99 /* Resources */ = {
			isa = PBXResourcesBuildPhase;
			buildActionMask = 2147483647;
			files = (
				CDCE31ED1989D15A00648B99 /* Images.xcassets in Resources */,
				CDCE31DF1989D15A00648B99 /* InfoPlist.strings in Resources */,
				CDCE31E81989D15A00648B99 /* Main.storyboard in Resources */,
			);
			runOnlyForDeploymentPostprocessing = 0;
		};
		CDCE31F01989D15A00648B99 /* Resources */ = {
			isa = PBXResourcesBuildPhase;
			buildActionMask = 2147483647;
			files = (
				CDCE31FE1989D15A00648B99 /* InfoPlist.strings in Resources */,
			);
			runOnlyForDeploymentPostprocessing = 0;
		};
/* End PBXResourcesBuildPhase section */

/* Begin PBXSourcesBuildPhase section */
		CDCE31CD1989D15A00648B99 /* Sources */ = {
			isa = PBXSourcesBuildPhase;
			buildActionMask = 2147483647;
			files = (
				CDCE31EB1989D15A00648B99 /* ViewController.m in Sources */,
				CDCE31E51989D15A00648B99 /* AppDelegate.m in Sources */,
				CDCE31E11989D15A00648B99 /* main.m in Sources */,
			);
			runOnlyForDeploymentPostprocessing = 0;
		};
		CDCE31EE1989D15A00648B99 /* Sources */ = {
			isa = PBXSourcesBuildPhase;
			buildActionMask = 2147483647;
			files = (
				CDCE32001989D15A00648B99 /* saveSqliteDemoTests.m in Sources */,
			);
			runOnlyForDeploymentPostprocessing = 0;
		};
/* End PBXSourcesBuildPhase section */

/* Begin PBXTargetDependency section */
		CDCE31F81989D15A00648B99 /* PBXTargetDependency */ = {
			isa = PBXTargetDependency;
			target = CDCE31D01989D15A00648B99 /* saveSqliteDemo */;
			targetProxy = CDCE31F71989D15A00648B99 /* PBXContainerItemProxy */;
		};
/* End PBXTargetDependency section */

/* Begin PBXVariantGroup section */
		CDCE31DD1989D15A00648B99 /* InfoPlist.strings */ = {
			isa = PBXVariantGroup;
			children = (
				CDCE31DE1989D15A00648B99 /* en */,
			);
			name = InfoPlist.strings;
			sourceTree = "<group>";
		};
		CDCE31E61989D15A00648B99 /* Main.storyboard */ = {
			isa = PBXVariantGroup;
			children = (
				CDCE31E71989D15A00648B99 /* Base */,
			);
			name = Main.storyboard;
			sourceTree = "<group>";
		};
		CDCE31FC1989D15A00648B99 /* InfoPlist.strings */ = {
			isa = PBXVariantGroup;
			children = (
				CDCE31FD1989D15A00648B99 /* en */,
			);
			name = InfoPlist.strings;
			sourceTree = "<group>";
		};
/* End PBXVariantGroup section */

/* Begin XCBuildConfiguration section */
		CDCE32011989D15A00648B99 /* Debug */ = {
			isa = XCBuildConfiguration;
			buildSettings = {
				ALWAYS_SEARCH_USER_PATHS = NO;
				CLANG_CXX_LANGUAGE_STANDARD = "gnu++0x";
				CLANG_CXX_LIBRARY = "libc++";
				CLANG_ENABLE_MODULES = YES;
				CLANG_ENABLE_OBJC_ARC = YES;
				CLANG_WARN_BOOL_CONVERSION = YES;
				CLANG_WARN_CONSTANT_CONVERSION = YES;
				CLANG_WARN_DIRECT_OBJC_ISA_USAGE = YES_ERROR;
				CLANG_WARN_EMPTY_BODY = YES;
				CLANG_WARN_ENUM_CONVERSION = YES;
				CLANG_WARN_INT_CONVERSION = YES;
				CLANG_WARN_OBJC_ROOT_CLASS = YES_ERROR;
				CLANG_WARN__DUPLICATE_METHOD_MATCH = YES;
				"CODE_SIGN_IDENTITY[sdk=iphoneos*]" = "iPhone Developer";
				COPY_PHASE_STRIP = NO;
				GCC_C_LANGUAGE_STANDARD = gnu99;
				GCC_DYNAMIC_NO_PIC = NO;
				GCC_OPTIMIZATION_LEVEL = 0;
				GCC_PREPROCESSOR_DEFINITIONS = (
					"DEBUG=1",
					"$(inherited)",
				);
				GCC_SYMBOLS_PRIVATE_EXTERN = NO;
				GCC_WARN_64_TO_32_BIT_CONVERSION = YES;
				GCC_WARN_ABOUT_RETURN_TYPE = YES_ERROR;
				GCC_WARN_UNDECLARED_SELECTOR = YES;
				GCC_WARN_UNINITIALIZED_AUTOS = YES_AGGRESSIVE;
				GCC_WARN_UNUSED_FUNCTION = YES;
				GCC_WARN_UNUSED_VARIABLE = YES;
				IPHONEOS_DEPLOYMENT_TARGET = 7.1;
				ONLY_ACTIVE_ARCH = YES;
				SDKROOT = iphoneos;
			};
			name = Debug;
		};
		CDCE32021989D15A00648B99 /* Release */ = {
			isa = XCBuildConfiguration;
			buildSettings = {
				ALWAYS_SEARCH_USER_PATHS = NO;
				CLANG_CXX_LANGUAGE_STANDARD = "gnu++0x";
				CLANG_CXX_LIBRARY = "libc++";
				CLANG_ENABLE_MODULES = YES;
				CLANG_ENABLE_OBJC_ARC = YES;
				CLANG_WARN_BOOL_CONVERSION = YES;
				CLANG_WARN_CONSTANT_CONVERSION = YES;
				CLANG_WARN_DIRECT_OBJC_ISA_USAGE = YES_ERROR;
				CLANG_WARN_EMPTY_BODY = YES;
				CLANG_WARN_ENUM_CONVERSION = YES;
				CLANG_WARN_INT_CONVERSION = YES;
				CLANG_WARN_OBJC_ROOT_CLASS = YES_ERROR;
				CLANG_WARN__DUPLICATE_METHOD_MATCH = YES;
				"CODE_SIGN_IDENTITY[sdk=iphoneos*]" = "iPhone Developer";
				COPY_PHASE_STRIP = YES;
				ENABLE_NS_ASSERTIONS = NO;
				GCC_C_LANGUAGE_STANDARD = gnu99;
				GCC_WARN_64_TO_32_BIT_CONVERSION = YES;
				GCC_WARN_ABOUT_RETURN_TYPE = YES_ERROR;
				GCC_WARN_UNDECLARED_SELECTOR = YES;
				GCC_WARN_UNINITIALIZED_AUTOS = YES_AGGRESSIVE;
				GCC_WARN_UNUSED_FUNCTION = YES;
				GCC_WARN_UNUSED_VARIABLE = YES;
				IPHONEOS_DEPLOYMENT_TARGET = 7.1;
				SDKROOT = iphoneos;
				VALIDATE_PRODUCT = YES;
			};
			name = Release;
		};
		CDCE32041989D15A00648B99 /* Debug */ = {
			isa = XCBuildConfiguration;
			buildSettings = {
				ASSETCATALOG_COMPILER_APPICON_NAME = AppIcon;
				ASSETCATALOG_COMPILER_LAUNCHIMAGE_NAME = LaunchImage;
				GCC_PRECOMPILE_PREFIX_HEADER = YES;
				GCC_PREFIX_HEADER = "saveSqliteDemo/saveSqliteDemo-Prefix.pch";
				INFOPLIST_FILE = "saveSqliteDemo/saveSqliteDemo-Info.plist";
				PRODUCT_NAME = "$(TARGET_NAME)";
				WRAPPER_EXTENSION = app;
			};
			name = Debug;
		};
		CDCE32051989D15A00648B99 /* Release */ = {
			isa = XCBuildConfiguration;
			buildSettings = {
				ASSETCATALOG_COMPILER_APPICON_NAME = AppIcon;
				ASSETCATALOG_COMPILER_LAUNCHIMAGE_NAME = LaunchImage;
				GCC_PRECOMPILE_PREFIX_HEADER = YES;
				GCC_PREFIX_HEADER = "saveSqliteDemo/saveSqliteDemo-Prefix.pch";
				INFOPLIST_FILE = "saveSqliteDemo/saveSqliteDemo-Info.plist";
				PRODUCT_NAME = "$(TARGET_NAME)";
				WRAPPER_EXTENSION = app;
			};
			name = Release;
		};
		CDCE32071989D15A00648B99 /* Debug */ = {
			isa = XCBuildConfiguration;
			buildSettings = {
				BUNDLE_LOADER = "$(BUILT_PRODUCTS_DIR)/saveSqliteDemo.app/saveSqliteDemo";
				FRAMEWORK_SEARCH_PATHS = (
					"$(SDKROOT)/Developer/Library/Frameworks",
					"$(inherited)",
					"$(DEVELOPER_FRAMEWORKS_DIR)",
				);
				GCC_PRECOMPILE_PREFIX_HEADER = YES;
				GCC_PREFIX_HEADER = "saveSqliteDemo/saveSqliteDemo-Prefix.pch";
				GCC_PREPROCESSOR_DEFINITIONS = (
					"DEBUG=1",
					"$(inherited)",
				);
				INFOPLIST_FILE = "saveSqliteDemoTests/saveSqliteDemoTests-Info.plist";
				PRODUCT_NAME = "$(TARGET_NAME)";
				TEST_HOST = "$(BUNDLE_LOADER)";
				WRAPPER_EXTENSION = xctest;
			};
			name = Debug;
		};
		CDCE32081989D15A00648B99 /* Release */ = {
			isa = XCBuildConfiguration;
			buildSettings = {
				BUNDLE_LOADER = "$(BUILT_PRODUCTS_DIR)/saveSqliteDemo.app/saveSqliteDemo";
				FRAMEWORK_SEARCH_PATHS = (
					"$(SDKROOT)/Developer/Library/Frameworks",
					"$(inherited)",
					"$(DEVELOPER_FRAMEWORKS_DIR)",
				);
				GCC_PRECOMPILE_PREFIX_HEADER = YES;
				GCC_PREFIX_HEADER = "saveSqliteDemo/saveSqliteDemo-Prefix.pch";
				INFOPLIST_FILE = "saveSqliteDemoTests/saveSqliteDemoTests-Info.plist";
				PRODUCT_NAME = "$(TARGET_NAME)";
				TEST_HOST = "$(BUNDLE_LOADER)";
				WRAPPER_EXTENSION = xctest;
			};
			name = Release;
		};
/* End XCBuildConfiguration section */

/* Begin XCConfigurationList section */
		CDCE31CC1989D15A00648B99 /* Build configuration list for PBXProject "saveSqliteDemo" */ = {
			isa = XCConfigurationList;
			buildConfigurations = (
				CDCE32011989D15A00648B99 /* Debug */,
				CDCE32021989D15A00648B99 /* Release */,
			);
			defaultConfigurationIsVisible = 0;
			defaultConfigurationName = Release;
		};
		CDCE32031989D15A00648B99 /* Build configuration list for PBXNativeTarget "saveSqliteDemo" */ = {
			isa = XCConfigurationList;
			buildConfigurations = (
				CDCE32041989D15A00648B99 /* Debug */,
				CDCE32051989D15A00648B99 /* Release */,
			);
			defaultConfigurationIsVisible = 0;
		};
		CDCE32061989D15A00648B99 /* Build configuration list for PBXNativeTarget "saveSqliteDemoTests" */ = {
			isa = XCConfigurationList;
			buildConfigurations = (
				CDCE32071989D15A00648B99 /* Debug */,
				CDCE32081989D15A00648B99 /* Release */,
			);
			defaultConfigurationIsVisible = 0;
		};
/* End XCConfigurationList section */
	};
	rootObject = CDCE31C91989D15A00648B99 /* Project object */;
}
